{
  "lockfileVersion": 1,
  "workspaces": {
    "": {
      "name": "homelab",
      "dependencies": {
        "@clack/prompts": "^0.11.0",
        "ts-explicit-errors": "^3.0.0",
        "untildify": "^5.0.0",
      },
      "devDependencies": {
        "@adamhl8/configs": "^0.10.1",
        "@biomejs/biome": "^2.1.4",
        "@types/bun": "^1.2.19",
        "typescript": "^5.9.2",
      },
    },
  },
  "packages": {
    "@adamhl8/configs": ["@adamhl8/configs@0.10.1", "", { "dependencies": { "@prettier/plugin-xml": "^3.4.2", "prettier-plugin-astro": "^0.14.1", "prettier-plugin-sh": "^0.18.0", "prettier-plugin-tailwindcss": "^0.6.14", "prettier-plugin-toml": "^2.0.6" } }, "sha512-8iOkxdPykAdY/xODQ/sqDaSeJOvxemD2ofSuh1S5qqJhoVX7pG/j1XALMv5jvZD/VITokrSJyyz5C0JPn/O2Tw=="],

    "@astrojs/compiler": ["@astrojs/compiler@2.12.2", "", {}, "sha512-w2zfvhjNCkNMmMMOn5b0J8+OmUaBL1o40ipMvqcG6NRpdC+lKxmTi48DT8Xw0SzJ3AfmeFLB45zXZXtmbsjcgw=="],

    "@biomejs/biome": ["@biomejs/biome@2.1.4", "", { "optionalDependencies": { "@biomejs/cli-darwin-arm64": "2.1.4", "@biomejs/cli-darwin-x64": "2.1.4", "@biomejs/cli-linux-arm64": "2.1.4", "@biomejs/cli-linux-arm64-musl": "2.1.4", "@biomejs/cli-linux-x64": "2.1.4", "@biomejs/cli-linux-x64-musl": "2.1.4", "@biomejs/cli-win32-arm64": "2.1.4", "@biomejs/cli-win32-x64": "2.1.4" }, "bin": { "biome": "bin/biome" } }, "sha512-QWlrqyxsU0FCebuMnkvBIkxvPqH89afiJzjMl+z67ybutse590jgeaFdDurE9XYtzpjRGTI1tlUZPGWmbKsElA=="],

    "@biomejs/cli-darwin-arm64": ["@biomejs/cli-darwin-arm64@2.1.4", "", { "os": "darwin", "cpu": "arm64" }, "sha512-sCrNENE74I9MV090Wq/9Dg7EhPudx3+5OiSoQOkIe3DLPzFARuL1dOwCWhKCpA3I5RHmbrsbNSRfZwCabwd8Qg=="],

    "@biomejs/cli-darwin-x64": ["@biomejs/cli-darwin-x64@2.1.4", "", { "os": "darwin", "cpu": "x64" }, "sha512-gOEICJbTCy6iruBywBDcG4X5rHMbqCPs3clh3UQ+hRKlgvJTk4NHWQAyHOXvaLe+AxD1/TNX1jbZeffBJzcrOw=="],

    "@biomejs/cli-linux-arm64": ["@biomejs/cli-linux-arm64@2.1.4", "", { "os": "linux", "cpu": "arm64" }, "sha512-juhEkdkKR4nbUi5k/KRp1ocGPNWLgFRD4NrHZSveYrD6i98pyvuzmS9yFYgOZa5JhaVqo0HPnci0+YuzSwT2fw=="],

    "@biomejs/cli-linux-arm64-musl": ["@biomejs/cli-linux-arm64-musl@2.1.4", "", { "os": "linux", "cpu": "arm64" }, "sha512-nYr7H0CyAJPaLupFE2cH16KZmRC5Z9PEftiA2vWxk+CsFkPZQ6dBRdcC6RuS+zJlPc/JOd8xw3uCCt9Pv41WvQ=="],

    "@biomejs/cli-linux-x64": ["@biomejs/cli-linux-x64@2.1.4", "", { "os": "linux", "cpu": "x64" }, "sha512-Eoy9ycbhpJVYuR+LskV9s3uyaIkp89+qqgqhGQsWnp/I02Uqg2fXFblHJOpGZR8AxdB9ADy87oFVxn9MpFKUrw=="],

    "@biomejs/cli-linux-x64-musl": ["@biomejs/cli-linux-x64-musl@2.1.4", "", { "os": "linux", "cpu": "x64" }, "sha512-lvwvb2SQQHctHUKvBKptR6PLFCM7JfRjpCCrDaTmvB7EeZ5/dQJPhTYBf36BE/B4CRWR2ZiBLRYhK7hhXBCZAg=="],

    "@biomejs/cli-win32-arm64": ["@biomejs/cli-win32-arm64@2.1.4", "", { "os": "win32", "cpu": "arm64" }, "sha512-3WRYte7orvyi6TRfIZkDN9Jzoogbv+gSvR+b9VOXUg1We1XrjBg6WljADeVEaKTvOcpVdH0a90TwyOQ6ue4fGw=="],

    "@biomejs/cli-win32-x64": ["@biomejs/cli-win32-x64@2.1.4", "", { "os": "win32", "cpu": "x64" }, "sha512-tBc+W7anBPSFXGAoQW+f/+svkpt8/uXfRwDzN1DvnatkRMt16KIYpEi/iw8u9GahJlFv98kgHcIrSsZHZTR0sw=="],

    "@clack/core": ["@clack/core@0.5.0", "", { "dependencies": { "picocolors": "^1.0.0", "sisteransi": "^1.0.5" } }, "sha512-p3y0FIOwaYRUPRcMO7+dlmLh8PSRcrjuTndsiA0WAFbWES0mLZlrjVoBRZ9DzkPFJZG6KGkJmoEAY0ZcVWTkow=="],

    "@clack/prompts": ["@clack/prompts@0.11.0", "", { "dependencies": { "@clack/core": "0.5.0", "picocolors": "^1.0.0", "sisteransi": "^1.0.5" } }, "sha512-pMN5FcrEw9hUkZA4f+zLlzivQSeQf5dRGJjSUbvVYDLvpKCdQx5OaknvKzgbtXOizhP+SJJJjqEbOe55uKKfAw=="],

    "@prettier/plugin-xml": ["@prettier/plugin-xml@3.4.2", "", { "dependencies": { "@xml-tools/parser": "^1.0.11" }, "peerDependencies": { "prettier": "^3.0.0" } }, "sha512-/UyNlHfkuLXG6Ed85KB0WBF283xn2yavR+UtRibBRUcvEJId2DSLdGXwJ/cDa1X++SWDPzq3+GSFniHjkNy7yg=="],

    "@reteps/dockerfmt": ["@reteps/dockerfmt@0.3.6", "", {}, "sha512-Tb5wIMvBf/nLejTQ61krK644/CEMB/cpiaIFXqGApfGqO3GwcR3qnI0DbmkFVCl2OyEp8LnLX3EkucoL0+tbFg=="],

    "@taplo/core": ["@taplo/core@0.2.0", "", {}, "sha512-r8bl54Zj1In3QLkiW/ex694bVzpPJ9EhwqT9xkcUVODnVUGirdB1JTsmiIv0o1uwqZiwhi8xNnTOQBRQCpizrQ=="],

    "@taplo/lib": ["@taplo/lib@0.5.0", "", { "dependencies": { "@taplo/core": "^0.2.0" } }, "sha512-+xIqpQXJco3T+VGaTTwmhxLa51qpkQxCjRwezjFZgr+l21ExlywJFcDfTrNmL6lG6tqb0h8GyJKO3UPGPtSCWg=="],

    "@types/bun": ["@types/bun@1.2.19", "", { "dependencies": { "bun-types": "1.2.19" } }, "sha512-d9ZCmrH3CJ2uYKXQIUuZ/pUnTqIvLDS0SK7pFmbx8ma+ziH/FRMoAq5bYpRG7y+w1gl+HgyNZbtqgMq4W4e2Lg=="],

    "@types/node": ["@types/node@24.2.1", "", { "dependencies": { "undici-types": "~7.10.0" } }, "sha512-DRh5K+ka5eJic8CjH7td8QpYEV6Zo10gfRkjHCO3weqZHWDtAaSTFtl4+VMqOJ4N5jcuhZ9/l+yy8rVgw7BQeQ=="],

    "@types/react": ["@types/react@19.1.9", "", { "dependencies": { "csstype": "^3.0.2" } }, "sha512-WmdoynAX8Stew/36uTSVMcLJJ1KRh6L3IZRx1PZ7qJtBqT3dYTgyDTx8H1qoRghErydW7xw9mSJ3wS//tCRpFA=="],

    "@xml-tools/parser": ["@xml-tools/parser@1.0.11", "", { "dependencies": { "chevrotain": "7.1.1" } }, "sha512-aKqQ077XnR+oQtHJlrAflaZaL7qZsulWc/i/ZEooar5JiWj1eLt0+Wg28cpa+XLney107wXqneC+oG1IZvxkTA=="],

    "bun-types": ["bun-types@1.2.19", "", { "dependencies": { "@types/node": "*" }, "peerDependencies": { "@types/react": "^19" } }, "sha512-uAOTaZSPuYsWIXRpj7o56Let0g/wjihKCkeRqUBhlLVM/Bt+Fj9xTo+LhC1OV1XDaGkz4hNC80et5xgy+9KTHQ=="],

    "chevrotain": ["chevrotain@7.1.1", "", { "dependencies": { "regexp-to-ast": "0.5.0" } }, "sha512-wy3mC1x4ye+O+QkEinVJkPf5u2vsrDIYW9G7ZuwFl6v/Yu0LwUuT2POsb+NUWApebyxfkQq6+yDfRExbnI5rcw=="],

    "csstype": ["csstype@3.1.3", "", {}, "sha512-M1uQkMl8rQK/szD0LNhtqxIPLpimGm8sOBwU7lLnCpSbTyY3yeU1Vc7l4KT5zT4s/yOxHH5O7tIuuLOCnLADRw=="],

    "picocolors": ["picocolors@1.1.1", "", {}, "sha512-xceH2snhtb5M9liqDsmEw56le376mTZkEX/jEb/RxNFyegNul7eNslCXP9FDj/Lcu0X8KEyMceP2ntpaHrDEVA=="],

    "prettier": ["prettier@3.6.2", "", { "bin": { "prettier": "bin/prettier.cjs" } }, "sha512-I7AIg5boAr5R0FFtJ6rCfD+LFsWHp81dolrFD8S79U9tb8Az2nGrJncnMSnys+bpQJfRUzqs9hnA81OAA3hCuQ=="],

    "prettier-plugin-astro": ["prettier-plugin-astro@0.14.1", "", { "dependencies": { "@astrojs/compiler": "^2.9.1", "prettier": "^3.0.0", "sass-formatter": "^0.7.6" } }, "sha512-RiBETaaP9veVstE4vUwSIcdATj6dKmXljouXc/DDNwBSPTp8FRkLGDSGFClKsAFeeg+13SB0Z1JZvbD76bigJw=="],

    "prettier-plugin-sh": ["prettier-plugin-sh@0.18.0", "", { "dependencies": { "@reteps/dockerfmt": "^0.3.6", "sh-syntax": "^0.5.8" }, "peerDependencies": { "prettier": "^3.6.0" } }, "sha512-cW1XL27FOJQ/qGHOW6IHwdCiNWQsAgK+feA8V6+xUTaH0cD3Mh+tFAtBvEEWvuY6hTDzRV943Fzeii+qMOh7nQ=="],

    "prettier-plugin-tailwindcss": ["prettier-plugin-tailwindcss@0.6.14", "", { "peerDependencies": { "@ianvs/prettier-plugin-sort-imports": "*", "@prettier/plugin-hermes": "*", "@prettier/plugin-oxc": "*", "@prettier/plugin-pug": "*", "@shopify/prettier-plugin-liquid": "*", "@trivago/prettier-plugin-sort-imports": "*", "@zackad/prettier-plugin-twig": "*", "prettier": "^3.0", "prettier-plugin-astro": "*", "prettier-plugin-css-order": "*", "prettier-plugin-import-sort": "*", "prettier-plugin-jsdoc": "*", "prettier-plugin-marko": "*", "prettier-plugin-multiline-arrays": "*", "prettier-plugin-organize-attributes": "*", "prettier-plugin-organize-imports": "*", "prettier-plugin-sort-imports": "*", "prettier-plugin-style-order": "*", "prettier-plugin-svelte": "*" }, "optionalPeers": ["@ianvs/prettier-plugin-sort-imports", "@prettier/plugin-hermes", "@prettier/plugin-oxc", "@prettier/plugin-pug", "@shopify/prettier-plugin-liquid", "@trivago/prettier-plugin-sort-imports", "@zackad/prettier-plugin-twig", "prettier-plugin-astro", "prettier-plugin-css-order", "prettier-plugin-import-sort", "prettier-plugin-jsdoc", "prettier-plugin-marko", "prettier-plugin-multiline-arrays", "prettier-plugin-organize-attributes", "prettier-plugin-organize-imports", "prettier-plugin-sort-imports", "prettier-plugin-style-order", "prettier-plugin-svelte"] }, "sha512-pi2e/+ZygeIqntN+vC573BcW5Cve8zUB0SSAGxqpB4f96boZF4M3phPVoOFCeypwkpRYdi7+jQ5YJJUwrkGUAg=="],

    "prettier-plugin-toml": ["prettier-plugin-toml@2.0.6", "", { "dependencies": { "@taplo/lib": "^0.5.0" }, "peerDependencies": { "prettier": "^3.0.3" } }, "sha512-12N/wBuHa9jd/KVy9pRP20NMKxQfQLMseQCt66lIbLaPLItvGUcSIryE1eZZMJ7loSws6Ig3M2Elc2EreNh76w=="],

    "regexp-to-ast": ["regexp-to-ast@0.5.0", "", {}, "sha512-tlbJqcMHnPKI9zSrystikWKwHkBqu2a/Sgw01h3zFjvYrMxEDYHzzoMZnUrbIfpTFEsoRnnviOXNCzFiSc54Qw=="],

    "s.color": ["s.color@0.0.15", "", {}, "sha512-AUNrbEUHeKY8XsYr/DYpl+qk5+aM+DChopnWOPEzn8YKzOhv4l2zH6LzZms3tOZP3wwdOyc0RmTciyi46HLIuA=="],

    "sass-formatter": ["sass-formatter@0.7.9", "", { "dependencies": { "suf-log": "^2.5.3" } }, "sha512-CWZ8XiSim+fJVG0cFLStwDvft1VI7uvXdCNJYXhDvowiv+DsbD1nXLiQ4zrE5UBvj5DWZJ93cwN0NX5PMsr1Pw=="],

    "sh-syntax": ["sh-syntax@0.5.8", "", { "dependencies": { "tslib": "^2.8.1" } }, "sha512-JfVoxf4FxQI5qpsPbkHhZo+n6N9YMJobyl4oGEUBb/31oQYlgTjkXQD8PBiafS2UbWoxrTO0Z5PJUBXEPAG1Zw=="],

    "sisteransi": ["sisteransi@1.0.5", "", {}, "sha512-bLGGlR1QxBcynn2d5YmDX4MGjlZvy2MRBDRNHLJ8VI6l6+9FUiyTFNJ0IveOSP0bcXgVDPRcfGqA0pjaqUpfVg=="],

    "suf-log": ["suf-log@2.5.3", "", { "dependencies": { "s.color": "0.0.15" } }, "sha512-KvC8OPjzdNOe+xQ4XWJV2whQA0aM1kGVczMQ8+dStAO6KfEB140JEVQ9dE76ONZ0/Ylf67ni4tILPJB41U0eow=="],

    "ts-explicit-errors": ["ts-explicit-errors@3.0.0", "", {}, "sha512-zBBgmkD9YbA7BjVXzPzkBBIUBKjBYVtQhF1bAzJXIsUxmdtcYmKKQAUTVS3vD8G/Xu6OJ4Ju4dfZDnl/aS1gPg=="],

    "tslib": ["tslib@2.8.1", "", {}, "sha512-oJFu94HQb+KVduSUQL7wnpmqnfmLsOA/nAh6b6EH0wCEoK0/mPeXU6c3wKDV83MkOuHPRHtSXKKU99IBazS/2w=="],

    "typescript": ["typescript@5.9.2", "", { "bin": { "tsc": "bin/tsc", "tsserver": "bin/tsserver" } }, "sha512-CWBzXQrc/qOkhidw1OzBTQuYRbfyxDXJMVJ1XNwUHGROVmuaeiEm3OslpZ1RV96d7SKKjZKrSJu3+t/xlw3R9A=="],

    "undici-types": ["undici-types@7.10.0", "", {}, "sha512-t5Fy/nfn+14LuOc2KNYg75vZqClpAiqscVvMygNnlsHBFpSXdJaYtXMcdNLpl/Qvc3P2cB3s6lOV51nqsFq4ag=="],

    "untildify": ["untildify@5.0.0", "", {}, "sha512-bOgQLUnd2G5rhzaTvh1VCI9Fo6bC5cLTpH17T5aFfamyXFYDbbdzN6IXdeoc3jBS7T9hNTmJtYUzJCJ2Xlc9gA=="],
  }
}
